
Microsoft Visual Studio Solution File, Format Version 12.00
# Visual Studio 15
VisualStudioVersion = 15.0.28307.645
MinimumVisualStudioVersion = 10.0.40219.1
Project("{FAE04EC0-301F-11D3-BF4B-00C04F79EFBC}") = "BuddyBiller", "AnyStore\BuddyBiller.csproj", "{896E58FE-627C-4AB5-8C76-D5986E158A39}"
EndProject
Project("{FAE04EC0-301F-11D3-BF4B-00C04F79EFBC}") = "BB.System.Common", "BB.System.Common\BB.System.Common.csproj", "{A6EE39DF-E683-45F0-84B7-DD5243548A85}"
EndProject
Global
	GlobalSection(SolutionConfigurationPlatforms) = preSolution
		Debug|Any CPU = Debug|Any CPU
		Release|Any CPU = Release|Any CPU
	EndGlobalSection
	GlobalSection(ProjectConfigurationPlatforms) = postSolution
		{896E58FE-627C-4AB5-8C76-D5986E158A39}.Debug|Any CPU.ActiveCfg = Debug|Any CPU
		{896E58FE-627C-4AB5-8C76-D5986E158A39}.Debug|Any CPU.Build.0 = Debug|Any CPU
		{896E58FE-627C-4AB5-8C76-D5986E158A39}.Release|Any CPU.ActiveCfg = Release|Any CPU
		{896E58FE-627C-4AB5-8C76-D5986E158A39}.Release|Any CPU.Build.0 = Release|Any CPU
		{A6EE39DF-E683-45F0-84B7-DD5243548A85}.Debug|Any CPU.ActiveCfg = Debug|Any CPU
		{A6EE39DF-E683-45F0-84B7-DD5243548A85}.Debug|Any CPU.Build.0 = Debug|Any CPU
		{A6EE39DF-E683-45F0-84B7-DD5243548A85}.Release|Any CPU.ActiveCfg = Release|Any CPU
		{A6EE39DF-E683-45F0-84B7-DD5243548A85}.Release|Any CPU.Build.0 = Release|Any CPU
	EndGlobalSection
	GlobalSection(SolutionProperties) = preSolution
		HideSolutionNode = FALSE
	EndGlobalSection
	GlobalSection(ExtensibilityGlobals) = postSolution
		SolutionGuid = {04A2C15C-49F4-43B8-8061-AD2F0594C175}
	EndGlobalSection
EndGlobal
